
Microsoft Visual Studio Solution File, Format Version 12.00
# Visual Studio Version 17
VisualStudioVersion = 17.0.31903.59
MinimumVisualStudioVersion = 10.0.40219.1
Project("{2150E333-8FDC-42A3-9474-1A3956D46DE8}") = "backend", "backend", "{1AE8ACA6-933B-BF2A-3671-3E2EAC007D16}"
EndProject
Project("{FAE04EC0-301F-11D3-BF4B-00C04F79EFBC}") = "TalkForum.Domain", "backend\TalkForum.Domain\TalkForum.Domain.csproj", "{C5B6D476-1F77-4D9D-A2B0-137BD3B5E708}"
EndProject
Project("{FAE04EC0-301F-11D3-BF4B-00C04F79EFBC}") = "TalkForum.Infrastructure", "backend\TalkForum.Infrastructure\TalkForum.Infrastructure.csproj", "{593D9AC2-1724-4364-B262-7C63D080DC35}"
EndProject
Project("{FAE04EC0-301F-11D3-BF4B-00C04F79EFBC}") = "TalkForum.Api", "backend\TalkForum.Api\TalkForum.Api.csproj", "{2EA43CF9-0049-4E36-836E-CBBAF82BA46D}"
EndProject
Global
	GlobalSection(SolutionConfigurationPlatforms) = preSolution
		Debug|Any CPU = Debug|Any CPU
		Debug|x64 = Debug|x64
		Debug|x86 = Debug|x86
		Release|Any CPU = Release|Any CPU
		Release|x64 = Release|x64
		Release|x86 = Release|x86
	EndGlobalSection
	GlobalSection(ProjectConfigurationPlatforms) = postSolution
		{C5B6D476-1F77-4D9D-A2B0-137BD3B5E708}.Debug|Any CPU.ActiveCfg = Debug|Any CPU
		{C5B6D476-1F77-4D9D-A2B0-137BD3B5E708}.Debug|Any CPU.Build.0 = Debug|Any CPU
		{C5B6D476-1F77-4D9D-A2B0-137BD3B5E708}.Debug|x64.ActiveCfg = Debug|Any CPU
		{C5B6D476-1F77-4D9D-A2B0-137BD3B5E708}.Debug|x64.Build.0 = Debug|Any CPU
		{C5B6D476-1F77-4D9D-A2B0-137BD3B5E708}.Debug|x86.ActiveCfg = Debug|Any CPU
		{C5B6D476-1F77-4D9D-A2B0-137BD3B5E708}.Debug|x86.Build.0 = Debug|Any CPU
		{C5B6D476-1F77-4D9D-A2B0-137BD3B5E708}.Release|Any CPU.ActiveCfg = Release|Any CPU
		{C5B6D476-1F77-4D9D-A2B0-137BD3B5E708}.Release|Any CPU.Build.0 = Release|Any CPU
		{C5B6D476-1F77-4D9D-A2B0-137BD3B5E708}.Release|x64.ActiveCfg = Release|Any CPU
		{C5B6D476-1F77-4D9D-A2B0-137BD3B5E708}.Release|x64.Build.0 = Release|Any CPU
		{C5B6D476-1F77-4D9D-A2B0-137BD3B5E708}.Release|x86.ActiveCfg = Release|Any CPU
		{C5B6D476-1F77-4D9D-A2B0-137BD3B5E708}.Release|x86.Build.0 = Release|Any CPU
		{593D9AC2-1724-4364-B262-7C63D080DC35}.Debug|Any CPU.ActiveCfg = Debug|Any CPU
		{593D9AC2-1724-4364-B262-7C63D080DC35}.Debug|Any CPU.Build.0 = Debug|Any CPU
		{593D9AC2-1724-4364-B262-7C63D080DC35}.Debug|x64.ActiveCfg = Debug|Any CPU
		{593D9AC2-1724-4364-B262-7C63D080DC35}.Debug|x64.Build.0 = Debug|Any CPU
		{593D9AC2-1724-4364-B262-7C63D080DC35}.Debug|x86.ActiveCfg = Debug|Any CPU
		{593D9AC2-1724-4364-B262-7C63D080DC35}.Debug|x86.Build.0 = Debug|Any CPU
		{593D9AC2-1724-4364-B262-7C63D080DC35}.Release|Any CPU.ActiveCfg = Release|Any CPU
		{593D9AC2-1724-4364-B262-7C63D080DC35}.Release|Any CPU.Build.0 = Release|Any CPU
		{593D9AC2-1724-4364-B262-7C63D080DC35}.Release|x64.ActiveCfg = Release|Any CPU
		{593D9AC2-1724-4364-B262-7C63D080DC35}.Release|x64.Build.0 = Release|Any CPU
		{593D9AC2-1724-4364-B262-7C63D080DC35}.Release|x86.ActiveCfg = Release|Any CPU
		{593D9AC2-1724-4364-B262-7C63D080DC35}.Release|x86.Build.0 = Release|Any CPU
		{2EA43CF9-0049-4E36-836E-CBBAF82BA46D}.Debug|Any CPU.ActiveCfg = Debug|Any CPU
		{2EA43CF9-0049-4E36-836E-CBBAF82BA46D}.Debug|Any CPU.Build.0 = Debug|Any CPU
		{2EA43CF9-0049-4E36-836E-CBBAF82BA46D}.Debug|x64.ActiveCfg = Debug|Any CPU
		{2EA43CF9-0049-4E36-836E-CBBAF82BA46D}.Debug|x64.Build.0 = Debug|Any CPU
		{2EA43CF9-0049-4E36-836E-CBBAF82BA46D}.Debug|x86.ActiveCfg = Debug|Any CPU
		{2EA43CF9-0049-4E36-836E-CBBAF82BA46D}.Debug|x86.Build.0 = Debug|Any CPU
		{2EA43CF9-0049-4E36-836E-CBBAF82BA46D}.Release|Any CPU.ActiveCfg = Release|Any CPU
		{2EA43CF9-0049-4E36-836E-CBBAF82BA46D}.Release|Any CPU.Build.0 = Release|Any CPU
		{2EA43CF9-0049-4E36-836E-CBBAF82BA46D}.Release|x64.ActiveCfg = Release|Any CPU
		{2EA43CF9-0049-4E36-836E-CBBAF82BA46D}.Release|x64.Build.0 = Release|Any CPU
		{2EA43CF9-0049-4E36-836E-CBBAF82BA46D}.Release|x86.ActiveCfg = Release|Any CPU
		{2EA43CF9-0049-4E36-836E-CBBAF82BA46D}.Release|x86.Build.0 = Release|Any CPU
	EndGlobalSection
	GlobalSection(SolutionProperties) = preSolution
		HideSolutionNode = FALSE
	EndGlobalSection
	GlobalSection(NestedProjects) = preSolution
		{C5B6D476-1F77-4D9D-A2B0-137BD3B5E708} = {1AE8ACA6-933B-BF2A-3671-3E2EAC007D16}
		{593D9AC2-1724-4364-B262-7C63D080DC35} = {1AE8ACA6-933B-BF2A-3671-3E2EAC007D16}
		{2EA43CF9-0049-4E36-836E-CBBAF82BA46D} = {1AE8ACA6-933B-BF2A-3671-3E2EAC007D16}
	EndGlobalSection
EndGlobal
